
Microsoft Visual Studio Solution File, Format Version 12.00
# Visual Studio Version 17
VisualStudioVersion = 17.14.36623.8 d17.14
MinimumVisualStudioVersion = 10.0.40219.1
Project("{FAE04EC0-301F-11D3-BF4B-00C04F79EFBC}") = "PiqlViewer", "PiqlViewer.csproj", "{394218AF-A71A-44DD-824A-EE7FBA8DDBBF}"
EndProject
Global
	GlobalSection(SolutionConfigurationPlatforms) = preSolution
		Debug|Any CPU = Debug|Any CPU
		Release|Any CPU = Release|Any CPU
	EndGlobalSection
	GlobalSection(ProjectConfigurationPlatforms) = postSolution
		{394218AF-A71A-44DD-824A-EE7FBA8DDBBF}.Debug|Any CPU.ActiveCfg = Debug|Any CPU
		{394218AF-A71A-44DD-824A-EE7FBA8DDBBF}.Debug|Any CPU.Build.0 = Debug|Any CPU
		{394218AF-A71A-44DD-824A-EE7FBA8DDBBF}.Release|Any CPU.ActiveCfg = Release|Any CPU
		{394218AF-A71A-44DD-824A-EE7FBA8DDBBF}.Release|Any CPU.Build.0 = Release|Any CPU
	EndGlobalSection
	GlobalSection(SolutionProperties) = preSolution
		HideSolutionNode = FALSE
	EndGlobalSection
	GlobalSection(ExtensibilityGlobals) = postSolution
		SolutionGuid = {3202986C-9BFB-4FB7-9C24-F04859E6252E}
	EndGlobalSection
EndGlobal
